{
  "name": "gob",
  "version": "1.0.0",
  "lockfileVersion": 2,
  "requires": true,
  "packages": {
    "": {
      "name": "gob",
      "version": "1.0.0",
      "license": "ISC",
      "dependencies": {
        "ar-poncho": "^2.0.226"
      }
    },
    "node_modules/ar-poncho": {
      "version": "2.0.226",
      "resolved": "https://registry.npmjs.org/ar-poncho/-/ar-poncho-2.0.226.tgz",
      "integrity": "sha512-KsyvLhTL1YdDxSF2nvfcnSNDRTIYhNBgY7GOlq1gKWlRvtD+LfQoTnSMMsxAAzydcA9eVfcBTX45GnkS7hmqBQ=="
    }
  },
  "dependencies": {
    "ar-poncho": {
      "version": "2.0.226",
      "resolved": "https://registry.npmjs.org/ar-poncho/-/ar-poncho-2.0.226.tgz",
      "integrity": "sha512-KsyvLhTL1YdDxSF2nvfcnSNDRTIYhNBgY7GOlq1gKWlRvtD+LfQoTnSMMsxAAzydcA9eVfcBTX45GnkS7hmqBQ=="
    }
  }
}
